
Microsoft Visual Studio Solution File, Format Version 12.00
# Visual Studio Version 17
VisualStudioVersion = 17.11.35327.3
MinimumVisualStudioVersion = 10.0.40219.1
Project("{FAE04EC0-301F-11D3-BF4B-00C04F79EFBC}") = "form", "form\form.csproj", "{43F95835-CB45-4AA8-B7F6-5A5FF7AEEAC8}"
EndProject
Global
	GlobalSection(SolutionConfigurationPlatforms) = preSolution
		Debug|Any CPU = Debug|Any CPU
		Release|Any CPU = Release|Any CPU
	EndGlobalSection
	GlobalSection(ProjectConfigurationPlatforms) = postSolution
		{43F95835-CB45-4AA8-B7F6-5A5FF7AEEAC8}.Debug|Any CPU.ActiveCfg = Debug|Any CPU
		{43F95835-CB45-4AA8-B7F6-5A5FF7AEEAC8}.Debug|Any CPU.Build.0 = Debug|Any CPU
		{43F95835-CB45-4AA8-B7F6-5A5FF7AEEAC8}.Release|Any CPU.ActiveCfg = Release|Any CPU
		{43F95835-CB45-4AA8-B7F6-5A5FF7AEEAC8}.Release|Any CPU.Build.0 = Release|Any CPU
	EndGlobalSection
	GlobalSection(SolutionProperties) = preSolution
		HideSolutionNode = FALSE
	EndGlobalSection
	GlobalSection(ExtensibilityGlobals) = postSolution
		SolutionGuid = {CE97D9D4-925E-4706-80D7-5B9C8F6BEA7C}
	EndGlobalSection
EndGlobal
